
Microsoft Visual Studio Solution File, Format Version 12.00
# Visual Studio Version 17
VisualStudioVersion = 17.13.35825.156 d17.13
MinimumVisualStudioVersion = 10.0.40219.1
Project("{FAE04EC0-301F-11D3-BF4B-00C04F79EFBC}") = "StudentGradeCalculator", "StudentGradeCalculator\StudentGradeCalculator.csproj", "{71B38DDB-3F25-4973-AA51-0EA09BFA6259}"
EndProject
Global
	GlobalSection(SolutionConfigurationPlatforms) = preSolution
		Debug|Any CPU = Debug|Any CPU
		Release|Any CPU = Release|Any CPU
	EndGlobalSection
	GlobalSection(ProjectConfigurationPlatforms) = postSolution
		{71B38DDB-3F25-4973-AA51-0EA09BFA6259}.Debug|Any CPU.ActiveCfg = Debug|Any CPU
		{71B38DDB-3F25-4973-AA51-0EA09BFA6259}.Debug|Any CPU.Build.0 = Debug|Any CPU
		{71B38DDB-3F25-4973-AA51-0EA09BFA6259}.Release|Any CPU.ActiveCfg = Release|Any CPU
		{71B38DDB-3F25-4973-AA51-0EA09BFA6259}.Release|Any CPU.Build.0 = Release|Any CPU
	EndGlobalSection
	GlobalSection(SolutionProperties) = preSolution
		HideSolutionNode = FALSE
	EndGlobalSection
	GlobalSection(ExtensibilityGlobals) = postSolution
		SolutionGuid = {22F8FC28-D9E0-406B-BE86-10E4D3607BED}
	EndGlobalSection
EndGlobal
